// !$*UTF8*$!
{
	archiveVersion = 1;
	classes = {
	};
	objectVersion = 50;
	objects = {

/* Begin PBXBuildFile section */
		3F66DD01225B737800468442 /* AppDelegate.swift in Sources */ = {isa = PBXBuildFile; fileRef = 3F66DD00225B737800468442 /* AppDelegate.swift */; };
		3F66DD03225B737800468442 /* ViewController.swift in Sources */ = {isa = PBXBuildFile; fileRef = 3F66DD02225B737800468442 /* ViewController.swift */; };
		3F66DD06225B737800468442 /* Main.storyboard in Resources */ = {isa = PBXBuildFile; fileRef = 3F66DD04225B737800468442 /* Main.storyboard */; };
		3F66DD09225B737800468442 /* Werkstuk2.xcdatamodeld in Sources */ = {isa = PBXBuildFile; fileRef = 3F66DD07225B737800468442 /* Werkstuk2.xcdatamodeld */; };
		3F66DD0B225B737900468442 /* Assets.xcassets in Resources */ = {isa = PBXBuildFile; fileRef = 3F66DD0A225B737900468442 /* Assets.xcassets */; };
		3F66DD0E225B737900468442 /* LaunchScreen.storyboard in Resources */ = {isa = PBXBuildFile; fileRef = 3F66DD0C225B737900468442 /* LaunchScreen.storyboard */; };
		3F66DD19225B737900468442 /* Werkstuk2Tests.swift in Sources */ = {isa = PBXBuildFile; fileRef = 3F66DD18225B737900468442 /* Werkstuk2Tests.swift */; };
		3F66DD24225B737900468442 /* Werkstuk2UITests.swift in Sources */ = {isa = PBXBuildFile; fileRef = 3F66DD23225B737900468442 /* Werkstuk2UITests.swift */; };
		3F9B265B229D9286003FDC8F /* MapKit.framework in Frameworks */ = {isa = PBXBuildFile; fileRef = 3F9B265A229D9286003FDC8F /* MapKit.framework */; };
/* End PBXBuildFile section */

/* Begin PBXContainerItemProxy section */
		3F66DD15225B737900468442 /* PBXContainerItemProxy */ = {
			isa = PBXContainerItemProxy;
			containerPortal = 3F66DCF5225B737800468442 /* Project object */;
			proxyType = 1;
			remoteGlobalIDString = 3F66DCFC225B737800468442;
			remoteInfo = Werkstuk2;
		};
		3F66DD20225B737900468442 /* PBXContainerItemProxy */ = {
			isa = PBXContainerItemProxy;
			containerPortal = 3F66DCF5225B737800468442 /* Project object */;
			proxyType = 1;
			remoteGlobalIDString = 3F66DCFC225B737800468442;
			remoteInfo = Werkstuk2;
		};
/* End PBXContainerItemProxy section */

/* Begin PBXFileReference section */
		3F66DCFD225B737800468442 /* Werkstuk2.app */ = {isa = PBXFileReference; explicitFileType = wrapper.application; includeInIndex = 0; path = Werkstuk2.app; sourceTree = BUILT_PRODUCTS_DIR; };
		3F66DD00225B737800468442 /* AppDelegate.swift */ = {isa = PBXFileReference; lastKnownFileType = sourcecode.swift; path = AppDelegate.swift; sourceTree = "<group>"; };
		3F66DD02225B737800468442 /* ViewController.swift */ = {isa = PBXFileReference; lastKnownFileType = sourcecode.swift; path = ViewController.swift; sourceTree = "<group>"; };
		3F66DD05225B737800468442 /* Base */ = {isa = PBXFileReference; lastKnownFileType = file.storyboard; name = Base; path = Base.lproj/Main.storyboard; sourceTree = "<group>"; };
		3F66DD08225B737800468442 /* Werkstuk2.xcdatamodel */ = {isa = PBXFileReference; lastKnownFileType = wrapper.xcdatamodel; path = Werkstuk2.xcdatamodel; sourceTree = "<group>"; };
		3F66DD0A225B737900468442 /* Assets.xcassets */ = {isa = PBXFileReference; lastKnownFileType = folder.assetcatalog; path = Assets.xcassets; sourceTree = "<group>"; };
		3F66DD0D225B737900468442 /* Base */ = {isa = PBXFileReference; lastKnownFileType = file.storyboard; name = Base; path = Base.lproj/LaunchScreen.storyboard; sourceTree = "<group>"; };
		3F66DD0F225B737900468442 /* Info.plist */ = {isa = PBXFileReference; lastKnownFileType = text.plist.xml; path = Info.plist; sourceTree = "<group>"; };
		3F66DD14225B737900468442 /* Werkstuk2Tests.xctest */ = {isa = PBXFileReference; explicitFileType = wrapper.cfbundle; includeInIndex = 0; path = Werkstuk2Tests.xctest; sourceTree = BUILT_PRODUCTS_DIR; };
		3F66DD18225B737900468442 /* Werkstuk2Tests.swift */ = {isa = PBXFileReference; lastKnownFileType = sourcecode.swift; path = Werkstuk2Tests.swift; sourceTree = "<group>"; };
		3F66DD1A225B737900468442 /* Info.plist */ = {isa = PBXFileReference; lastKnownFileType = text.plist.xml; path = Info.plist; sourceTree = "<group>"; };
		3F66DD1F225B737900468442 /* Werkstuk2UITests.xctest */ = {isa = PBXFileReference; explicitFileType = wrapper.cfbundle; includeInIndex = 0; path = Werkstuk2UITests.xctest; sourceTree = BUILT_PRODUCTS_DIR; };
		3F66DD23225B737900468442 /* Werkstuk2UITests.swift */ = {isa = PBXFileReference; lastKnownFileType = sourcecode.swift; path = Werkstuk2UITests.swift; sourceTree = "<group>"; };
		3F66DD25225B737900468442 /* Info.plist */ = {isa = PBXFileReference; lastKnownFileType = text.plist.xml; path = Info.plist; sourceTree = "<group>"; };
		3F9B265A229D9286003FDC8F /* MapKit.framework */ = {isa = PBXFileReference; lastKnownFileType = wrapper.framework; name = MapKit.framework; path = System/Library/Frameworks/MapKit.framework; sourceTree = SDKROOT; };
/* End PBXFileReference section */

/* Begin PBXFrameworksBuildPhase section */
		3F66DCFA225B737800468442 /* Frameworks */ = {
			isa = PBXFrameworksBuildPhase;
			buildActionMask = 2147483647;
			files = (
				3F9B265B229D9286003FDC8F /* MapKit.framework in Frameworks */,
			);
			runOnlyForDeploymentPostprocessing = 0;
		};
		3F66DD11225B737900468442 /* Frameworks */ = {
			isa = PBXFrameworksBuildPhase;
			buildActionMask = 2147483647;
			files = (
			);
			runOnlyForDeploymentPostprocessing = 0;
		};
		3F66DD1C225B737900468442 /* Frameworks */ = {
			isa = PBXFrameworksBuildPhase;
			buildActionMask = 2147483647;
			files = (
			);
			runOnlyForDeploymentPostprocessing = 0;
		};
/* End PBXFrameworksBuildPhase section */

/* Begin PBXGroup section */
		3F66DCF4225B737800468442 = {
			isa = PBXGroup;
			children = (
				3F66DCFF225B737800468442 /* Werkstuk2 */,
				3F66DD17225B737900468442 /* Werkstuk2Tests */,
				3F66DD22225B737900468442 /* Werkstuk2UITests */,
				3F66DCFE225B737800468442 /* Products */,
				3F9B2659229D9286003FDC8F /* Frameworks */,
			);
			sourceTree = "<group>";
		};
		3F66DCFE225B737800468442 /* Products */ = {
			isa = PBXGroup;
			children = (
				3F66DCFD225B737800468442 /* Werkstuk2.app */,
				3F66DD14225B737900468442 /* Werkstuk2Tests.xctest */,
				3F66DD1F225B737900468442 /* Werkstuk2UITests.xctest */,
			);
			name = Products;
			sourceTree = "<group>";
		};
		3F66DCFF225B737800468442 /* Werkstuk2 */ = {
			isa = PBXGroup;
			children = (
				3F66DD00225B737800468442 /* AppDelegate.swift */,
				3F66DD02225B737800468442 /* ViewController.swift */,
				3F66DD04225B737800468442 /* Main.storyboard */,
				3F66DD0A225B737900468442 /* Assets.xcassets */,
				3F66DD0C225B737900468442 /* LaunchScreen.storyboard */,
				3F66DD0F225B737900468442 /* Info.plist */,
				3F66DD07225B737800468442 /* Werkstuk2.xcdatamodeld */,
			);
			path = Werkstuk2;
			sourceTree = "<group>";
		};
		3F66DD17225B737900468442 /* Werkstuk2Tests */ = {
			isa = PBXGroup;
			children = (
				3F66DD18225B737900468442 /* Werkstuk2Tests.swift */,
				3F66DD1A225B737900468442 /* Info.plist */,
			);
			path = Werkstuk2Tests;
			sourceTree = "<group>";
		};
		3F66DD22225B737900468442 /* Werkstuk2UITests */ = {
			isa = PBXGroup;
			children = (
				3F66DD23225B737900468442 /* Werkstuk2UITests.swift */,
				3F66DD25225B737900468442 /* Info.plist */,
			);
			path = Werkstuk2UITests;
			sourceTree = "<group>";
		};
		3F9B2659229D9286003FDC8F /* Frameworks */ = {
			isa = PBXGroup;
			children = (
				3F9B265A229D9286003FDC8F /* MapKit.framework */,
			);
			name = Frameworks;
			sourceTree = "<group>";
		};
/* End PBXGroup section */

/* Begin PBXNativeTarget section */
		3F66DCFC225B737800468442 /* Werkstuk2 */ = {
			isa = PBXNativeTarget;
			buildConfigurationList = 3F66DD28225B737900468442 /* Build configuration list for PBXNativeTarget "Werkstuk2" */;
			buildPhases = (
				3F66DCF9225B737800468442 /* Sources */,
				3F66DCFA225B737800468442 /* Frameworks */,
				3F66DCFB225B737800468442 /* Resources */,
			);
			buildRules = (
			);
			dependencies = (
			);
			name = Werkstuk2;
			productName = Werkstuk2;
			productReference = 3F66DCFD225B737800468442 /* Werkstuk2.app */;
			productType = "com.apple.product-type.application";
		};
		3F66DD13225B737900468442 /* Werkstuk2Tests */ = {
			isa = PBXNativeTarget;
			buildConfigurationList = 3F66DD2B225B737900468442 /* Build configuration list for PBXNativeTarget "Werkstuk2Tests" */;
			buildPhases = (
				3F66DD10225B737900468442 /* Sources */,
				3F66DD11225B737900468442 /* Frameworks */,
				3F66DD12225B737900468442 /* Resources */,
			);
			buildRules = (
			);
			dependencies = (
				3F66DD16225B737900468442 /* PBXTargetDependency */,
			);
			name = Werkstuk2Tests;
			productName = Werkstuk2Tests;
			productReference = 3F66DD14225B737900468442 /* Werkstuk2Tests.xctest */;
			productType = "com.apple.product-type.bundle.unit-test";
		};
		3F66DD1E225B737900468442 /* Werkstuk2UITests */ = {
			isa = PBXNativeTarget;
			buildConfigurationList = 3F66DD2E225B737900468442 /* Build configuration list for PBXNativeTarget "Werkstuk2UITests" */;
			buildPhases = (
				3F66DD1B225B737900468442 /* Sources */,
				3F66DD1C225B737900468442 /* Frameworks */,
				3F66DD1D225B737900468442 /* Resources */,
			);
			buildRules = (
			);
			dependencies = (
				3F66DD21225B737900468442 /* PBXTargetDependency */,
			);
			name = Werkstuk2UITests;
			productName = Werkstuk2UITests;
			productReference = 3F66DD1F225B737900468442 /* Werkstuk2UITests.xctest */;
			productType = "com.apple.product-type.bundle.ui-testing";
		};
/* End PBXNativeTarget section */

/* Begin PBXProject section */
		3F66DCF5225B737800468442 /* Project object */ = {
			isa = PBXProject;
			attributes = {
				LastSwiftUpdateCheck = 1010;
				LastUpgradeCheck = 1010;
				ORGANIZATIONNAME = student;
				TargetAttributes = {
					3F66DCFC225B737800468442 = {
						CreatedOnToolsVersion = 10.1;
						SystemCapabilities = {
							com.apple.Maps.iOS = {
								enabled = 1;
							};
						};
					};
					3F66DD13225B737900468442 = {
						CreatedOnToolsVersion = 10.1;
						TestTargetID = 3F66DCFC225B737800468442;
					};
					3F66DD1E225B737900468442 = {
						CreatedOnToolsVersion = 10.1;
						TestTargetID = 3F66DCFC225B737800468442;
					};
				};
			};
			buildConfigurationList = 3F66DCF8225B737800468442 /* Build configuration list for PBXProject "Werkstuk2" */;
			compatibilityVersion = "Xcode 9.3";
			developmentRegion = en;
			hasScannedForEncodings = 0;
			knownRegions = (
				en,
				Base,
			);
			mainGroup = 3F66DCF4225B737800468442;
			productRefGroup = 3F66DCFE225B737800468442 /* Products */;
			projectDirPath = "";
			projectRoot = "";
			targets = (
				3F66DCFC225B737800468442 /* Werkstuk2 */,
				3F66DD13225B737900468442 /* Werkstuk2Tests */,
				3F66DD1E225B737900468442 /* Werkstuk2UITests */,
			);
		};
/* End PBXProject section */

/* Begin PBXResourcesBuildPhase section */
		3F66DCFB225B737800468442 /* Resources */ = {
			isa = PBXResourcesBuildPhase;
			buildActionMask = 2147483647;
			files = (
				3F66DD0E225B737900468442 /* LaunchScreen.storyboard in Resources */,
				3F66DD0B225B737900468442 /* Assets.xcassets in Resources */,
				3F66DD06225B737800468442 /* Main.storyboard in Resources */,
			);
			runOnlyForDeploymentPostprocessing = 0;
		};
		3F66DD12225B737900468442 /* Resources */ = {
			isa = PBXResourcesBuildPhase;
			buildActionMask = 2147483647;
			files = (
			);
			runOnlyForDeploymentPostprocessing = 0;
		};
		3F66DD1D225B737900468442 /* Resources */ = {
			isa = PBXResourcesBuildPhase;
			buildActionMask = 2147483647;
			files = (
			);
			runOnlyForDeploymentPostprocessing = 0;
		};
/* End PBXResourcesBuildPhase section */

/* Begin PBXSourcesBuildPhase section */
		3F66DCF9225B737800468442 /* Sources */ = {
			isa = PBXSourcesBuildPhase;
			buildActionMask = 2147483647;
			files = (
				3F66DD09225B737800468442 /* Werkstuk2.xcdatamodeld in Sources */,
				3F66DD03225B737800468442 /* ViewController.swift in Sources */,
				3F66DD01225B737800468442 /* AppDelegate.swift in Sources */,
			);
			runOnlyForDeploymentPostprocessing = 0;
		};
		3F66DD10225B737900468442 /* Sources */ = {
			isa = PBXSourcesBuildPhase;
			buildActionMask = 2147483647;
			files = (
				3F66DD19225B737900468442 /* Werkstuk2Tests.swift in Sources */,
			);
			runOnlyForDeploymentPostprocessing = 0;
		};
		3F66DD1B225B737900468442 /* Sources */ = {
			isa = PBXSourcesBuildPhase;
			buildActionMask = 2147483647;
			files = (
				3F66DD24225B737900468442 /* Werkstuk2UITests.swift in Sources */,
			);
			runOnlyForDeploymentPostprocessing = 0;
		};
/* End PBXSourcesBuildPhase section */

/* Begin PBXTargetDependency section */
		3F66DD16225B737900468442 /* PBXTargetDependency */ = {
			isa = PBXTargetDependency;
			target = 3F66DCFC225B737800468442 /* Werkstuk2 */;
			targetProxy = 3F66DD15225B737900468442 /* PBXContainerItemProxy */;
		};
		3F66DD21225B737900468442 /* PBXTargetDependency */ = {
			isa = PBXTargetDependency;
			target = 3F66DCFC225B737800468442 /* Werkstuk2 */;
			targetProxy = 3F66DD20225B737900468442 /* PBXContainerItemProxy */;
		};
/* End PBXTargetDependency section */

/* Begin PBXVariantGroup section */
		3F66DD04225B737800468442 /* Main.storyboard */ = {
			isa = PBXVariantGroup;
			children = (
				3F66DD05225B737800468442 /* Base */,
			);
			name = Main.storyboard;
			sourceTree = "<group>";
		};
		3F66DD0C225B737900468442 /* LaunchScreen.storyboard */ = {
			isa = PBXVariantGroup;
			children = (
				3F66DD0D225B737900468442 /* Base */,
			);
			name = LaunchScreen.storyboard;
			sourceTree = "<group>";
		};
/* End PBXVariantGroup section */

/* Begin XCBuildConfiguration section */
		3F66DD26225B737900468442 /* Debug */ = {
			isa = XCBuildConfiguration;
			buildSettings = {
				ALWAYS_SEARCH_USER_PATHS = NO;
				CLANG_ANALYZER_NONNULL = YES;
				CLANG_ANALYZER_NUMBER_OBJECT_CONVERSION = YES_AGGRESSIVE;
				CLANG_CXX_LANGUAGE_STANDARD = "gnu++14";
				CLANG_CXX_LIBRARY = "libc++";
				CLANG_ENABLE_MODULES = YES;
				CLANG_ENABLE_OBJC_ARC = YES;
				CLANG_ENABLE_OBJC_WEAK = YES;
				CLANG_WARN_BLOCK_CAPTURE_AUTORELEASING = YES;
				CLANG_WARN_BOOL_CONVERSION = YES;
				CLANG_WARN_COMMA = YES;
				CLANG_WARN_CONSTANT_CONVERSION = YES;
				CLANG_WARN_DEPRECATED_OBJC_IMPLEMENTATIONS = YES;
				CLANG_WARN_DIRECT_OBJC_ISA_USAGE = YES_ERROR;
				CLANG_WARN_DOCUMENTATION_COMMENTS = YES;
				CLANG_WARN_EMPTY_BODY = YES;
				CLANG_WARN_ENUM_CONVERSION = YES;
				CLANG_WARN_INFINITE_RECURSION = YES;
				CLANG_WARN_INT_CONVERSION = YES;
				CLANG_WARN_NON_LITERAL_NULL_CONVERSION = YES;
				CLANG_WARN_OBJC_IMPLICIT_RETAIN_SELF = YES;
				CLANG_WARN_OBJC_LITERAL_CONVERSION = YES;
				CLANG_WARN_OBJC_ROOT_CLASS = YES_ERROR;
				CLANG_WARN_RANGE_LOOP_ANALYSIS = YES;
				CLANG_WARN_STRICT_PROTOTYPES = YES;
				CLANG_WARN_SUSPICIOUS_MOVE = YES;
				CLANG_WARN_UNGUARDED_AVAILABILITY = YES_AGGRESSIVE;
				CLANG_WARN_UNREACHABLE_CODE = YES;
				CLANG_WARN__DUPLICATE_METHOD_MATCH = YES;
				CODE_SIGN_IDENTITY = "iPhone Developer";
				COPY_PHASE_STRIP = NO;
				DEBUG_INFORMATION_FORMAT = dwarf;
				ENABLE_STRICT_OBJC_MSGSEND = YES;
				ENABLE_TESTABILITY = YES;
				GCC_C_LANGUAGE_STANDARD = gnu11;
				GCC_DYNAMIC_NO_PIC = NO;
				GCC_NO_COMMON_BLOCKS = YES;
				GCC_OPTIMIZATION_LEVEL = 0;
				GCC_PREPROCESSOR_DEFINITIONS = (
					"DEBUG=1",
					"$(inherited)",
				);
				GCC_WARN_64_TO_32_BIT_CONVERSION = YES;
				GCC_WARN_ABOUT_RETURN_TYPE = YES_ERROR;
				GCC_WARN_UNDECLARED_SELECTOR = YES;
				GCC_WARN_UNINITIALIZED_AUTOS = YES_AGGRESSIVE;
				GCC_WARN_UNUSED_FUNCTION = YES;
				GCC_WARN_UNUSED_VARIABLE = YES;
				IPHONEOS_DEPLOYMENT_TARGET = 12.1;
				MTL_ENABLE_DEBUG_INFO = INCLUDE_SOURCE;
				MTL_FAST_MATH = YES;
				ONLY_ACTIVE_ARCH = YES;
				SDKROOT = iphoneos;
				SWIFT_ACTIVE_COMPILATION_CONDITIONS = DEBUG;
				SWIFT_OPTIMIZATION_LEVEL = "-Onone";
			};
			name = Debug;
		};
		3F66DD27225B737900468442 /* Release */ = {
			isa = XCBuildConfiguration;
			buildSettings = {
				ALWAYS_SEARCH_USER_PATHS = NO;
				CLANG_ANALYZER_NONNULL = YES;
				CLANG_ANALYZER_NUMBER_OBJECT_CONVERSION = YES_AGGRESSIVE;
				CLANG_CXX_LANGUAGE_STANDARD = "gnu++14";
				CLANG_CXX_LIBRARY = "libc++";
				CLANG_ENABLE_MODULES = YES;
				CLANG_ENABLE_OBJC_ARC = YES;
				CLANG_ENABLE_OBJC_WEAK = YES;
				CLANG_WARN_BLOCK_CAPTURE_AUTORELEASING = YES;
				CLANG_WARN_BOOL_CONVERSION = YES;
				CLANG_WARN_COMMA = YES;
				CLANG_WARN_CONSTANT_CONVERSION = YES;
				CLANG_WARN_DEPRECATED_OBJC_IMPLEMENTATIONS = YES;
				CLANG_WARN_DIRECT_OBJC_ISA_USAGE = YES_ERROR;
				CLANG_WARN_DOCUMENTATION_COMMENTS = YES;
				CLANG_WARN_EMPTY_BODY = YES;
				CLANG_WARN_ENUM_CONVERSION = YES;
				CLANG_WARN_INFINITE_RECURSION = YES;
				CLANG_WARN_INT_CONVERSION = YES;
				CLANG_WARN_NON_LITERAL_NULL_CONVERSION = YES;
				CLANG_WARN_OBJC_IMPLICIT_RETAIN_SELF = YES;
				CLANG_WARN_OBJC_LITERAL_CONVERSION = YES;
				CLANG_WARN_OBJC_ROOT_CLASS = YES_ERROR;
				CLANG_WARN_RANGE_LOOP_ANALYSIS = YES;
				CLANG_WARN_STRICT_PROTOTYPES = YES;
				CLANG_WARN_SUSPICIOUS_MOVE = YES;
				CLANG_WARN_UNGUARDED_AVAILABILITY = YES_AGGRESSIVE;
				CLANG_WARN_UNREACHABLE_CODE = YES;
				CLANG_WARN__DUPLICATE_METHOD_MATCH = YES;
				CODE_SIGN_IDENTITY = "iPhone Developer";
				COPY_PHASE_STRIP = NO;
				DEBUG_INFORMATION_FORMAT = "dwarf-with-dsym";
				ENABLE_NS_ASSERTIONS = NO;
				ENABLE_STRICT_OBJC_MSGSEND = YES;
				GCC_C_LANGUAGE_STANDARD = gnu11;
				GCC_NO_COMMON_BLOCKS = YES;
				GCC_WARN_64_TO_32_BIT_CONVERSION = YES;
				GCC_WARN_ABOUT_RETURN_TYPE = YES_ERROR;
				GCC_WARN_UNDECLARED_SELECTOR = YES;
				GCC_WARN_UNINITIALIZED_AUTOS = YES_AGGRESSIVE;
				GCC_WARN_UNUSED_FUNCTION = YES;
				GCC_WARN_UNUSED_VARIABLE = YES;
				IPHONEOS_DEPLOYMENT_TARGET = 12.1;
				MTL_ENABLE_DEBUG_INFO = NO;
				MTL_FAST_MATH = YES;
				SDKROOT = iphoneos;
				SWIFT_COMPILATION_MODE = wholemodule;
				SWIFT_OPTIMIZATION_LEVEL = "-O";
				VALIDATE_PRODUCT = YES;
			};
			name = Release;
		};
		3F66DD29225B737900468442 /* Debug */ = {
			isa = XCBuildConfiguration;
			buildSettings = {
				ASSETCATALOG_COMPILER_APPICON_NAME = AppIcon;
				CODE_SIGN_STYLE = Automatic;
				INFOPLIST_FILE = Werkstuk2/Info.plist;
				LD_RUNPATH_SEARCH_PATHS = (
					"$(inherited)",
					"@executable_path/Frameworks",
				);
				PRODUCT_BUNDLE_IDENTIFIER = tesrt.Werkstuk2;
				PRODUCT_NAME = "$(TARGET_NAME)";
				SWIFT_VERSION = 4.2;
				TARGETED_DEVICE_FAMILY = "1,2";
			};
			name = Debug;
		};
		3F66DD2A225B737900468442 /* Release */ = {
			isa = XCBuildConfiguration;
			buildSettings = {
				ASSETCATALOG_COMPILER_APPICON_NAME = AppIcon;
				CODE_SIGN_STYLE = Automatic;
				INFOPLIST_FILE = Werkstuk2/Info.plist;
				LD_RUNPATH_SEARCH_PATHS = (
					"$(inherited)",
					"@executable_path/Frameworks",
				);
				PRODUCT_BUNDLE_IDENTIFIER = tesrt.Werkstuk2;
				PRODUCT_NAME = "$(TARGET_NAME)";
				SWIFT_VERSION = 4.2;
				TARGETED_DEVICE_FAMILY = "1,2";
			};
			name = Release;
		};
		3F66DD2C225B737900468442 /* Debug */ = {
			isa = XCBuildConfiguration;
			buildSettings = {
				ALWAYS_EMBED_SWIFT_STANDARD_LIBRARIES = YES;
				BUNDLE_LOADER = "$(TEST_HOST)";
				CODE_SIGN_STYLE = Automatic;
				INFOPLIST_FILE = Werkstuk2Tests/Info.plist;
				LD_RUNPATH_SEARCH_PATHS = (
					"$(inherited)",
					"@executable_path/Frameworks",
					"@loader_path/Frameworks",
				);
				PRODUCT_BUNDLE_IDENTIFIER = tesrt.Werkstuk2Tests;
				PRODUCT_NAME = "$(TARGET_NAME)";
				SWIFT_VERSION = 4.2;
				TARGETED_DEVICE_FAMILY = "1,2";
				TEST_HOST = "$(BUILT_PRODUCTS_DIR)/Werkstuk2.app/Werkstuk2";
			};
			name = Debug;
		};
		3F66DD2D225B737900468442 /* Release */ = {
			isa = XCBuildConfiguration;
			buildSettings = {
				ALWAYS_EMBED_SWIFT_STANDARD_LIBRARIES = YES;
				BUNDLE_LOADER = "$(TEST_HOST)";
				CODE_SIGN_STYLE = Automatic;
				INFOPLIST_FILE = Werkstuk2Tests/Info.plist;
				LD_RUNPATH_SEARCH_PATHS = (
					"$(inherited)",
					"@executable_path/Frameworks",
					"@loader_path/Frameworks",
				);
				PRODUCT_BUNDLE_IDENTIFIER = tesrt.Werkstuk2Tests;
				PRODUCT_NAME = "$(TARGET_NAME)";
				SWIFT_VERSION = 4.2;
				TARGETED_DEVICE_FAMILY = "1,2";
				TEST_HOST = "$(BUILT_PRODUCTS_DIR)/Werkstuk2.app/Werkstuk2";
			};
			name = Release;
		};
		3F66DD2F225B737900468442 /* Debug */ = {
			isa = XCBuildConfiguration;
			buildSettings = {
				ALWAYS_EMBED_SWIFT_STANDARD_LIBRARIES = YES;
				CODE_SIGN_STYLE = Automatic;
				INFOPLIST_FILE = Werkstuk2UITests/Info.plist;
				LD_RUNPATH_SEARCH_PATHS = (
					"$(inherited)",
					"@executable_path/Frameworks",
					"@loader_path/Frameworks",
				);
				PRODUCT_BUNDLE_IDENTIFIER = tesrt.Werkstuk2UITests;
				PRODUCT_NAME = "$(TARGET_NAME)";
				SWIFT_VERSION = 4.2;
				TARGETED_DEVICE_FAMILY = "1,2";
				TEST_TARGET_NAME = Werkstuk2;
			};
			name = Debug;
		};
		3F66DD30225B737900468442 /* Release */ = {
			isa = XCBuildConfiguration;
			buildSettings = {
				ALWAYS_EMBED_SWIFT_STANDARD_LIBRARIES = YES;
				CODE_SIGN_STYLE = Automatic;
				INFOPLIST_FILE = Werkstuk2UITests/Info.plist;
				LD_RUNPATH_SEARCH_PATHS = (
					"$(inherited)",
					"@executable_path/Frameworks",
					"@loader_path/Frameworks",
				);
				PRODUCT_BUNDLE_IDENTIFIER = tesrt.Werkstuk2UITests;
				PRODUCT_NAME = "$(TARGET_NAME)";
				SWIFT_VERSION = 4.2;
				TARGETED_DEVICE_FAMILY = "1,2";
				TEST_TARGET_NAME = Werkstuk2;
			};
			name = Release;
		};
/* End XCBuildConfiguration section */

/* Begin XCConfigurationList section */
		3F66DCF8225B737800468442 /* Build configuration list for PBXProject "Werkstuk2" */ = {
			isa = XCConfigurationList;
			buildConfigurations = (
				3F66DD26225B737900468442 /* Debug */,
				3F66DD27225B737900468442 /* Release */,
			);
			defaultConfigurationIsVisible = 0;
			defaultConfigurationName = Release;
		};
		3F66DD28225B737900468442 /* Build configuration list for PBXNativeTarget "Werkstuk2" */ = {
			isa = XCConfigurationList;
			buildConfigurations = (
				3F66DD29225B737900468442 /* Debug */,
				3F66DD2A225B737900468442 /* Release */,
			);
			defaultConfigurationIsVisible = 0;
			defaultConfigurationName = Release;
		};
		3F66DD2B225B737900468442 /* Build configuration list for PBXNativeTarget "Werkstuk2Tests" */ = {
			isa = XCConfigurationList;
			buildConfigurations = (
				3F66DD2C225B737900468442 /* Debug */,
				3F66DD2D225B737900468442 /* Release */,
			);
			defaultConfigurationIsVisible = 0;
			defaultConfigurationName = Release;
		};
		3F66DD2E225B737900468442 /* Build configuration list for PBXNativeTarget "Werkstuk2UITests" */ = {
			isa = XCConfigurationList;
			buildConfigurations = (
				3F66DD2F225B737900468442 /* Debug */,
				3F66DD30225B737900468442 /* Release */,
			);
			defaultConfigurationIsVisible = 0;
			defaultConfigurationName = Release;
		};
/* End XCConfigurationList section */

/* Begin XCVersionGroup section */
		3F66DD07225B737800468442 /* Werkstuk2.xcdatamodeld */ = {
			isa = XCVersionGroup;
			children = (
				3F66DD08225B737800468442 /* Werkstuk2.xcdatamodel */,
			);
			currentVersion = 3F66DD08225B737800468442 /* Werkstuk2.xcdatamodel */;
			path = Werkstuk2.xcdatamodeld;
			sourceTree = "<group>";
			versionGroupType = wrapper.xcdatamodel;
		};
/* End XCVersionGroup section */
	};
	rootObject = 3F66DCF5225B737800468442 /* Project object */;
}
